github.com/NarsilWorks-Inc/daemonbase v0.0.0-20210916031318-d17da84be494 h1:hTeMJqu9SChu1lX8cKKaw8eN8D83sQj4JkYKFMPyJbE=
github.com/NarsilWorks-Inc/daemonbase v0.0.0-20210916031318-d17da84be494/go.mod h1:rpiRym68nx1tLGsi70WYH64+MUTjnOsU4sd5eb+4bcc=
github.com/NarsilWorks-Inc/datahelperlite v0.0.0-20220106120340-18d3aaf2e9f6 h1:eerABRSKMNIi7YVE8ds+wtExPfLF25Os3qJ2V7hxiG0=
github.com/NarsilWorks-Inc/datahelperlite v0.0.0-20220106120340-18d3aaf2e9f6/go.mod h1:3Aondtyzhmlvs3ErCY8C1wjPuoDX7qNyQRYo45LD+So=
github.com/NarsilWorks-Inc/datahelperlite v0.0.0-20220526042747-fc66d8247070 h1:aFRAdmQQVusf6vpxp7aSZSKUtnnlG9vKZW9R/EKw/Bs=
github.com/NarsilWorks-Inc/datahelperlite v0.0.0-20220526042747-fc66d8247070/go.mod h1:3Aondtyzhmlvs3ErCY8C1wjPuoDX7qNyQRYo45LD+So=
github.com/NarsilWorks-Inc/servicebase v0.0.0-20220518032447-02d8ac7d6b9b h1:PRS8dxAgjYNIwOZV/nPpfisTYI8MZ46mTpERJfoaaA4=
github.com/NarsilWorks-Inc/servicebase v0.0.0-20220518032447-02d8ac7d6b9b/go.mod h1:yu9QFdwb5DxWltKikjXddiGq2AhEiHR13vxJoHIawLM=
github.com/NarsilWorks-Inc/servicebase v0.0.0-20220602085630-d26fbdf57414 h1:WjwEK5HNAmi/MIZcwI39/NgRu28x1zfWBF1/1P5+tXU=
github.com/NarsilWorks-Inc/servicebase v0.0.0-20220602085630-d26fbdf57414/go.mod h1:yu9QFdwb5DxWltKikjXddiGq2AhEiHR13vxJoHIawLM=
github.com/NarsilWorks-Inc/task v0.0.0-20220419025539-8f098a0a3343 h1:vNneaihNrwbax9OLK9BSBIQpVRMG7ZQkG4jNJA8Vroc=
github.com/NarsilWorks-Inc/task v0.0.0-20220419025539-8f098a0a3343/go.mod h1:FpqP0V+cf328GScg6QQtjcJmZT+Udw7WmObGisVxsWg=
github.com/VictoriaMetrics/fastcache v1.10.0 h1:5hDJnLsKLpnUEToub7ETuRu8RCkb40woBZAUiKonXzY=
github.com/VictoriaMetrics/fastcache v1.10.0/go.mod h1:tjiYeEfYXCqacuvYw/7UoDIeJaNxq6132xHICNP77w8=
github.com/allegro/bigcache v1.2.1-0.20190218064605-e24eb225f156/go.mod h1:Cb/ax3seSYIx7SuZdm2G2xzfwmv3TPSk2ucNfQESPXM=
github.com/cespare/xxhash/v2 v2.1.2 h1:YRXhKfTDauu4ajMg1TPgFO5jnlC2HCbmLXMcTG5cbYE=
github.com/cespare/xxhash/v2 v2.1.2/go.mod h1:VGX0DQ3Q6kWi7AoAeZDth3/j3BFtOZR5XLFGgcrjCOs=
github.com/davecgh/go-spew v1.1.0/go.mod h1:J7Y8YcW2NihsgmVo/mv3lAwl/skON4iLHjSsI+c5H38=
github.com/davecgh/go-spew v1.1.1/go.mod h1:J7Y8YcW2NihsgmVo/mv3lAwl/skON4iLHjSsI+c5H38=
github.com/dgryski/go-rendezvous v0.0.0-20200823014737-9f7001d12a5f h1:lO4WD4F/rVNCu3HqELle0jiPLLBs70cWOduZpkS1E78=
github.com/dgryski/go-rendezvous v0.0.0-20200823014737-9f7001d12a5f/go.mod h1:cuUVRXasLTGF7a8hSLbxyZXjz+1KgoB3wDUb6vlszIc=
github.com/eaglebush/cacheman v0.0.0-20211222085743-48e0abb3044e h1:J2HC6wS6JvZf8uBEz8lmyyJBC6MqndpupZXZefnlEZw=
github.com/eaglebush/cacheman v0.0.0-20211222085743-48e0abb3044e/go.mod h1:ryOa/d5uXG+6Xe0pZpApsWDBtBMdk5P837WLwLjAXTM=
github.com/eaglebush/config v0.0.0-20220131082545-0860aa95826b h1:j8pnGswmrX3Weqspju6Ph0Z1bC78sSu9IYRQsHX969k=
github.com/eaglebush/config v0.0.0-20220131082545-0860aa95826b/go.mod h1:xl4E7FQ/ZaXTn0kvN1mt6iXyoQtZSayD91CPArE9VGU=
github.com/eaglebush/config v0.0.0-20220429072837-d0a90233404f h1:Ea1+up/ZIQ2iLvh9o/vJitzms0fYDPhsTRQi1/d5vwI=
github.com/eaglebush/config v0.0.0-20220429072837-d0a90233404f/go.mod h1:xl4E7FQ/ZaXTn0kvN1mt6iXyoQtZSayD91CPArE9VGU=
github.com/eaglebush/lokaldb v0.0.0-20200824052538-349b170a962f h1:ac3XJqNpn/rnPShF064h4+egpzWk75s9zMMx2XN9Nfw=
github.com/eaglebush/lokaldb v0.0.0-20200824052538-349b170a962f/go.mod h1:OhSmGcQX3XtmtOYrMZoSBHa7t5uy+40/4QQ23Vt/xz8=
github.com/eaglebush/stdutil v0.0.0-20220410060022-1272d82667d0 h1:qnt4QGEotzKLEWK0zUpx/Wn3/FkmfN5Skt11C9FoyKE=
github.com/eaglebush/stdutil v0.0.0-20220410060022-1272d82667d0/go.mod h1:6ShCIH0k034Li+RE8ibbbUWF3HdbUW5bfeUsuP6FXSo=
github.com/eaglebush/stdutil v0.0.0-20220601081946-ab3eee7ca76c h1:oLnHGbGntxxIuS55kxb4BilWXQt6hRXYtW75rHQZxfA=
github.com/eaglebush/stdutil v0.0.0-20220601081946-ab3eee7ca76c/go.mod h1:dGA5Jnr3OF11GG+gyYxXaAHFRJUFNBmNUhaZ/kfr0fk=
github.com/gbrlsnchs/jwt/v3 v3.0.1 h1:lbUmgAKpxnClrKloyIwpxm4OuWeDl5wLk52G91ODPw4=
github.com/gbrlsnchs/jwt/v3 v3.0.1/go.mod h1:AncDcjXz18xetI3A6STfXq2w+LuTx8pQ8bGEwRN8zVM=
github.com/go-redis/redis/v8 v8.11.5 h1:AcZZR7igkdvfVmQTPnu9WE37LRrO/YrBH5zWyjDC0oI=
github.com/go-redis/redis/v8 v8.11.5/go.mod h1:gREzHqY1hg6oD9ngVRbLStwAWKhA0FEgq8Jd4h5lpwo=
github.com/go-sql-driver/mysql v1.6.0 h1:BCTh4TKNUYmOmMUcQ3IipzF5prigylS7XXjEkfCHuOE=
github.com/go-sql-driver/mysql v1.6.0/go.mod h1:DCzpHaOWr8IXmIStZouvnhqoel9Qv2LBy8hT2VhHyBg=
github.com/golang/snappy v0.0.4 h1:yAGX7huGHXlcLOEtBnF4w7FQwA26wojNCwOYAEhLjQM=
github.com/golang/snappy v0.0.4/go.mod h1:/XxbfmMg8lxefKM7IXC3fBNl/7bRcc72aCRzEWrmP2Q=
github.com/google/go-cmp v0.4.0/go.mod h1:v8dTdLbMG2kIc/vJvl+f65V22dbkXbowE6jgT/gNBxE=
github.com/gorilla/mux v1.8.0 h1:i40aqfkR1h2SlN9hojwV5ZA91wcXFOvkdNIeFDP5koI=
github.com/gorilla/mux v1.8.0/go.mod h1:DVbg23sWSpFRCP0SfiEN6jmj59UnW/n46BH5rLB71So=
github.com/magefile/mage v1.9.0/go.mod h1:z5UZb/iS3GoOSn0JgWuiw7dxlurVYTu+/jHXqQg881A=
github.com/magefile/mage v1.13.0 h1:XtLJl8bcCM7EFoO8FyH8XK3t7G5hQAeK+i4tq+veT9M=
github.com/magefile/mage v1.13.0/go.mod h1:z5UZb/iS3GoOSn0JgWuiw7dxlurVYTu+/jHXqQg881A=
github.com/narsilworks/plainkv v0.0.0-20220602081738-1d89cd2fc0e3 h1:fZQmdIPv9YiICbRqKfg2gZiEY646W3eJLVcY5JObK9c=
github.com/narsilworks/plainkv v0.0.0-20220602081738-1d89cd2fc0e3/go.mod h1:vF1RTi2jFtV9/4m9N2n6X2hfJl4iBIOiP5LYC6vOCbc=
github.com/narsilworks/plainkv v0.0.0-20220602091141-0702ee9f6f8d h1:1mUedM0v9Gu2MyElCtQuhstEWGlA9E/Nh8DhnNjk3mA=
github.com/narsilworks/plainkv v0.0.0-20220602091141-0702ee9f6f8d/go.mod h1:vF1RTi2jFtV9/4m9N2n6X2hfJl4iBIOiP5LYC6vOCbc=
github.com/nats-io/nats.go v1.13.1-0.20220407234302-dd91b86bc4f7 h1:Vhuf2n1sQ2ocGpJsst/XoRqEOPYfwzk18PFstwUVnHE=
github.com/nats-io/nats.go v1.13.1-0.20220407234302-dd91b86bc4f7/go.mod h1:BPko4oXsySz4aSWeFgOHLZs3G4Jq4ZAyE6/zMCxRT6w=
github.com/nats-io/nats.go v1.16.0 h1:zvLE7fGBQYW6MWaFaRdsgm9qT39PJDQoju+DS8KsO1g=
github.com/nats-io/nats.go v1.16.0/go.mod h1:BPko4oXsySz4aSWeFgOHLZs3G4Jq4ZAyE6/zMCxRT6w=
github.com/nats-io/nkeys v0.3.0 h1:cgM5tL53EvYRU+2YLXIK0G2mJtK12Ft9oeooSZMA2G8=
github.com/nats-io/nkeys v0.3.0/go.mod h1:gvUNGjVcM2IPr5rCsRsC6Wb3Hr2CQAm08dsxtV6A5y4=
github.com/nats-io/nuid v1.0.1 h1:5iA8DT8V7q8WK2EScv2padNa/rTESc1KdnPw4TC2paw=
github.com/nats-io/nuid v1.0.1/go.mod h1:19wcPz3Ph3q0Jbyiqsd0kePYG7A95tJPxeL+1OSON2c=
github.com/oxtoacart/bpool v0.0.0-20190530202638-03653db5a59c h1:rp5dCmg/yLR3mgFuSOe4oEnDDmGLROTvMragMUXpTQw=
github.com/oxtoacart/bpool v0.0.0-20190530202638-03653db5a59c/go.mod h1:X07ZCGwUbLaax7L0S3Tw4hpejzu63ZrrQiUe6W0hcy0=
github.com/pmezard/go-difflib v1.0.0/go.mod h1:iKH77koFhYxTK1pcRnkKkqfTogsbg7gZNVY4sRDYZ/4=
github.com/segmentio/ksuid v1.0.4 h1:sBo2BdShXjmcugAMwjugoGUdUV0pcxY5mW4xKRn3v4c=
github.com/segmentio/ksuid v1.0.4/go.mod h1:/XUiZBD3kVx5SmUOl55voK5yeAbBNNIed+2O73XgrPE=
github.com/shopspring/decimal v1.3.1 h1:2Usl1nmF/WZucqkFZhnfFYxxxu8LG21F6nPQBE5gKV8=
github.com/shopspring/decimal v1.3.1/go.mod h1:DKyhrW/HYNuLGql+MJL6WCR6knT2jwCFRcu2hWCYk4o=
github.com/stretchr/objx v0.1.0/go.mod h1:HFkY916IF+rwdDfMAkV7OtwuqBVzrE8GR6GFx+wExME=
github.com/stretchr/testify v1.3.0/go.mod h1:M5WIy9Dh21IEIfnGCwXGc5bZfKNJtfHm1UVUgZn+9EI=
go.etcd.io/bbolt v1.3.6 h1:/ecaJf0sk1l4l6V4awd65v2C3ILy7MSj+s/x1ADCIMU=
go.etcd.io/bbolt v1.3.6/go.mod h1:qXsaaIqmgQH0T+OPdb99Bf+PKfBBQVAdyD6TY9G8XM4=
golang.org/x/crypto v0.0.0-20190308221718-c2843e01d9a2/go.mod h1:djNgcEr1/C05ACkg1iLfiJU5Ep61QUkGW8qpdssI0+w=
golang.org/x/crypto v0.0.0-20190927123631-a832865fa7ad/go.mod h1:yigFU9vqHzYiE8UmvKecakEJjdnWj3jj499lnFckfCI=
golang.org/x/crypto v0.0.0-20210314154223-e6e6c4f2bb5b/go.mod h1:T9bdIzuCu7OtxOm1hfPfRQxPLYneinmdGuTeoZ9dtd4=
golang.org/x/crypto v0.0.0-20220411220226-7b82a4e95df4 h1:kUhD7nTDoI3fVd9G4ORWrbV5NY0liEs/Jg2pv5f+bBA=
golang.org/x/crypto v0.0.0-20220411220226-7b82a4e95df4/go.mod h1:IxCIyHEi3zRg3s0A5j5BB6A9Jmi73HwBIUl50j+osU4=
golang.org/x/crypto v0.0.0-20220525230936-793ad666bf5e h1:T8NU3HyQ8ClP4SEE+KbFlg6n0NhuTsN4MyznaarGsZM=
golang.org/x/crypto v0.0.0-20220525230936-793ad666bf5e/go.mod h1:IxCIyHEi3zRg3s0A5j5BB6A9Jmi73HwBIUl50j+osU4=
golang.org/x/exp v0.0.0-20220518171630-0b5c67f07fdf h1:oXVg4h2qJDd9htKxb5SCpFBHLipW6hXmL3qpUixS2jw=
golang.org/x/exp v0.0.0-20220518171630-0b5c67f07fdf/go.mod h1:yh0Ynu2b5ZUe3MQfp2nM0ecK7wsgouWTDN0FNeJuIys=
golang.org/x/lint v0.0.0-20190909230951-414d861bb4ac/go.mod h1:6SW0HCj/g11FgYtHlgUYUwCkIfeOF89ocIRzGO/8vkc=
golang.org/x/net v0.0.0-20190311183353-d8887717615a/go.mod h1:t9HGtf8HONx5eT2rtn7q6eTqICYqUVnKs3thJo3Qplg=
golang.org/x/net v0.0.0-20190404232315-eb5bcb51f2a3/go.mod h1:t9HGtf8HONx5eT2rtn7q6eTqICYqUVnKs3thJo3Qplg=
golang.org/x/net v0.0.0-20190620200207-3b0461eec859/go.mod h1:z5CRVTTTmAJ677TzLLGU+0bjPO0LkuOLi4/5GtJWs/s=
golang.org/x/net v0.0.0-20210226172049-e18ecbb05110/go.mod h1:m0MpNAwzfU5UDzcl9v0D8zg8gWTRqZa9RBIspLL5mdg=
golang.org/x/sync v0.0.0-20190423024810-112230192c58/go.mod h1:RxMgew5VJxzue5/jJTE5uejpjVlOe/izrB70Jof72aM=
golang.org/x/sys v0.0.0-20190215142949-d0b11bdaac8a/go.mod h1:STP8DvDyc/dI5b8T5hshtkjS+E42TnysNCUPdjciGhY=
golang.org/x/sys v0.0.0-20190412213103-97732733099d/go.mod h1:h1NjWce9XRLGQEsW7wpKNCjG9DtNlClVuFLEZdDNbEs=
golang.org/x/sys v0.0.0-20200923182605-d9f96fdee20d/go.mod h1:h1NjWce9XRLGQEsW7wpKNCjG9DtNlClVuFLEZdDNbEs=
golang.org/x/sys v0.0.0-20201119102817-f84b799fce68/go.mod h1:h1NjWce9XRLGQEsW7wpKNCjG9DtNlClVuFLEZdDNbEs=
golang.org/x/sys v0.0.0-20220405052023-b1e9470b6e64 h1:D1v9ucDTYBtbz5vNuBbAhIMAGhQhJ6Ym5ah3maMVNX4=
golang.org/x/sys v0.0.0-20220405052023-b1e9470b6e64/go.mod h1:oPkhp1MJrh7nUepCBck5+mAzfO9JrbApNNgaTdGDITg=
golang.org/x/sys v0.0.0-20220520151302-bc2c85ada10a h1:dGzPydgVsqGcTRVwiLJ1jVbufYwmzD3LfVPLKsKg+0k=
golang.org/x/sys v0.0.0-20220520151302-bc2c85ada10a/go.mod h1:oPkhp1MJrh7nUepCBck5+mAzfO9JrbApNNgaTdGDITg=
golang.org/x/term v0.0.0-20201126162022-7de9c90e9dd1/go.mod h1:bj7SfCRtBDWHUb9snDiAeCFNEtKQo2Wmx5Cou7ajbmo=
golang.org/x/text v0.3.0/go.mod h1:NqM8EUOU14njkJ3fqMW+pc6Ldnwhi/IjpwHt7yyuwOQ=
golang.org/x/text v0.3.3/go.mod h1:5Zoc/QRtKVWzQhOtBMvqHzDpF6irO9z98xDceosuGiQ=
golang.org/x/tools v0.0.0-20180917221912-90fa682c2a6e/go.mod h1:n7NCudcB/nEzxVGmLbDWY5pfWTLqBcC2KZ6jyYvM4mQ=
golang.org/x/tools v0.0.0-20190311212946-11955173bddd/go.mod h1:LCzVGOaR6xXOjkQ3onu1FJEFr0SW1gC7cKk1uF8kGRs=
golang.org/x/tools v0.0.0-20190927191325-030b2cf1153e/go.mod h1:b+2E5dAYhXwXZwtnZ6UAqBI28+e2cm9otk0dWdXHAEo=
golang.org/x/xerrors v0.0.0-20190717185122-a985d3407aa7/go.mod h1:I/5z698sn9Ka8TeJc9MKroUUfqBBauWjQqLJ2OPfmY0=
golang.org/x/xerrors v0.0.0-20191204190536-9bdfabe68543/go.mod h1:I/5z698sn9Ka8TeJc9MKroUUfqBBauWjQqLJ2OPfmY0=
golang.org/x/xerrors v0.0.0-20220411194840-2f41105eb62f h1:GGU+dLjvlC3qDwqYgL6UgRmHXhOOgns0bZu2Ty5mm6U=
golang.org/x/xerrors v0.0.0-20220411194840-2f41105eb62f/go.mod h1:I/5z698sn9Ka8TeJc9MKroUUfqBBauWjQqLJ2OPfmY0=
golang.org/x/xerrors v0.0.0-20220517211312-f3a8303e98df h1:5Pf6pFKu98ODmgnpvkJ3kFUOQGGLIzLIkbzUHp47618=
golang.org/x/xerrors v0.0.0-20220517211312-f3a8303e98df/go.mod h1:K8+ghG5WaK9qNqU5K3HdILfMLy1f3aNYFI/wnl100a8=
gopkg.in/natefinch/lumberjack.v2 v2.0.0 h1:1Lc07Kr7qY4U2YPouBjpCLxpiyxIVoxqXgkXLknAOE8=
gopkg.in/natefinch/lumberjack.v2 v2.0.0/go.mod h1:l0ndWWf7gzL7RNwBG7wST/UCcT4T24xpD6X8LsfU/+k=
